
Microsoft Visual Studio Solution File, Format Version 12.00
# Visual Studio Version 16
VisualStudioVersion = 16.0.30204.135
MinimumVisualStudioVersion = 10.0.40219.1
Project("{FAE04EC0-301F-11D3-BF4B-00C04F79EFBC}") = "DiskAPMmanager", "DiskAPMmanager\DiskAPMmanager.csproj", "{258FE90A-A937-4921-BA21-4C87EFCF5BAB}"
EndProject
Project("{FAE04EC0-301F-11D3-BF4B-00C04F79EFBC}") = "DiskAPMConfig", "DiskAPMConfig\DiskAPMConfig.csproj", "{D41F3137-EDA9-4086-908A-D5FE804CEB5B}"
EndProject
Project("{FAE04EC0-301F-11D3-BF4B-00C04F79EFBC}") = "DiskAPMService", "DiskAPMService\DiskAPMService.csproj", "{C67FA53B-2614-483D-BBB5-7BC8FFD56809}"
EndProject
Project("{FAE04EC0-301F-11D3-BF4B-00C04F79EFBC}") = "ConfigWriter", "ConfigWriter\ConfigWriter.csproj", "{00EF2D82-F285-4E2E-A25F-9ADD3E6D25E6}"
EndProject
Global
	GlobalSection(SolutionConfigurationPlatforms) = preSolution
		Debug|Any CPU = Debug|Any CPU
		Debug|x86 = Debug|x86
		Release|Any CPU = Release|Any CPU
		Release|x86 = Release|x86
	EndGlobalSection
	GlobalSection(ProjectConfigurationPlatforms) = postSolution
		{258FE90A-A937-4921-BA21-4C87EFCF5BAB}.Debug|Any CPU.ActiveCfg = Debug|Any CPU
		{258FE90A-A937-4921-BA21-4C87EFCF5BAB}.Debug|Any CPU.Build.0 = Debug|Any CPU
		{258FE90A-A937-4921-BA21-4C87EFCF5BAB}.Debug|x86.ActiveCfg = Debug|Any CPU
		{258FE90A-A937-4921-BA21-4C87EFCF5BAB}.Debug|x86.Build.0 = Debug|Any CPU
		{258FE90A-A937-4921-BA21-4C87EFCF5BAB}.Release|Any CPU.ActiveCfg = Release|Any CPU
		{258FE90A-A937-4921-BA21-4C87EFCF5BAB}.Release|Any CPU.Build.0 = Release|Any CPU
		{258FE90A-A937-4921-BA21-4C87EFCF5BAB}.Release|x86.ActiveCfg = Release|Any CPU
		{258FE90A-A937-4921-BA21-4C87EFCF5BAB}.Release|x86.Build.0 = Release|Any CPU
		{D41F3137-EDA9-4086-908A-D5FE804CEB5B}.Debug|Any CPU.ActiveCfg = Debug|Any CPU
		{D41F3137-EDA9-4086-908A-D5FE804CEB5B}.Debug|Any CPU.Build.0 = Debug|Any CPU
		{D41F3137-EDA9-4086-908A-D5FE804CEB5B}.Debug|x86.ActiveCfg = Debug|Any CPU
		{D41F3137-EDA9-4086-908A-D5FE804CEB5B}.Debug|x86.Build.0 = Debug|Any CPU
		{D41F3137-EDA9-4086-908A-D5FE804CEB5B}.Release|Any CPU.ActiveCfg = Release|Any CPU
		{D41F3137-EDA9-4086-908A-D5FE804CEB5B}.Release|Any CPU.Build.0 = Release|Any CPU
		{D41F3137-EDA9-4086-908A-D5FE804CEB5B}.Release|x86.ActiveCfg = Release|Any CPU
		{D41F3137-EDA9-4086-908A-D5FE804CEB5B}.Release|x86.Build.0 = Release|Any CPU
		{C67FA53B-2614-483D-BBB5-7BC8FFD56809}.Debug|Any CPU.ActiveCfg = Debug|Any CPU
		{C67FA53B-2614-483D-BBB5-7BC8FFD56809}.Debug|Any CPU.Build.0 = Debug|Any CPU
		{C67FA53B-2614-483D-BBB5-7BC8FFD56809}.Debug|x86.ActiveCfg = Debug|Any CPU
		{C67FA53B-2614-483D-BBB5-7BC8FFD56809}.Debug|x86.Build.0 = Debug|Any CPU
		{C67FA53B-2614-483D-BBB5-7BC8FFD56809}.Release|Any CPU.ActiveCfg = Release|Any CPU
		{C67FA53B-2614-483D-BBB5-7BC8FFD56809}.Release|Any CPU.Build.0 = Release|Any CPU
		{C67FA53B-2614-483D-BBB5-7BC8FFD56809}.Release|x86.ActiveCfg = Release|Any CPU
		{C67FA53B-2614-483D-BBB5-7BC8FFD56809}.Release|x86.Build.0 = Release|Any CPU
		{00EF2D82-F285-4E2E-A25F-9ADD3E6D25E6}.Debug|Any CPU.ActiveCfg = Debug|Any CPU
		{00EF2D82-F285-4E2E-A25F-9ADD3E6D25E6}.Debug|Any CPU.Build.0 = Debug|Any CPU
		{00EF2D82-F285-4E2E-A25F-9ADD3E6D25E6}.Debug|x86.ActiveCfg = Debug|Any CPU
		{00EF2D82-F285-4E2E-A25F-9ADD3E6D25E6}.Debug|x86.Build.0 = Debug|Any CPU
		{00EF2D82-F285-4E2E-A25F-9ADD3E6D25E6}.Release|Any CPU.ActiveCfg = Release|Any CPU
		{00EF2D82-F285-4E2E-A25F-9ADD3E6D25E6}.Release|Any CPU.Build.0 = Release|Any CPU
		{00EF2D82-F285-4E2E-A25F-9ADD3E6D25E6}.Release|x86.ActiveCfg = Release|Any CPU
		{00EF2D82-F285-4E2E-A25F-9ADD3E6D25E6}.Release|x86.Build.0 = Release|Any CPU
	EndGlobalSection
	GlobalSection(SolutionProperties) = preSolution
		HideSolutionNode = FALSE
	EndGlobalSection
	GlobalSection(ExtensibilityGlobals) = postSolution
		SolutionGuid = {FF0E4AA4-00AD-4FA6-B215-2CABEDCEB93E}
	EndGlobalSection
EndGlobal
